
Microsoft Visual Studio Solution File, Format Version 12.00
# Visual Studio 14
VisualStudioVersion = 14.0.23107.0
MinimumVisualStudioVersion = 10.0.40219.1
Project("{2150E333-8FDC-42A3-9474-1A3956D46DE8}") = "Examples", "Examples", "{8372B298-B377-4917-B38C-CF6D671AE6F1}"
EndProject
Project("{2150E333-8FDC-42A3-9474-1A3956D46DE8}") = "Automa", "Automa", "{34C6CF69-1A17-4A27-BF28-BD939CB22D85}"
EndProject
Project("{2150E333-8FDC-42A3-9474-1A3956D46DE8}") = "Compiler", "Compiler", "{FA13A993-3EE3-4D40-A43E-7B64B63C8545}"
EndProject
Project("{2150E333-8FDC-42A3-9474-1A3956D46DE8}") = "Grammar", "Grammar", "{951EF242-7342-4A97-8678-BA0B80D98DDC}"
EndProject
Project("{FAE04EC0-301F-11D3-BF4B-00C04F79EFBC}") = "CompilerWithFuzzy.Core", "CompilerWithFuzzy.Core\CompilerWithFuzzy.Core.csproj", "{6899BB89-6433-496F-864E-9915CE1FF24F}"
EndProject
Project("{FAE04EC0-301F-11D3-BF4B-00C04F79EFBC}") = "CompilerWithFuzzy.AutomaFuzzy", "CompilerWithFuzzy.AutomaFuzzy\CompilerWithFuzzy.AutomaFuzzy\CompilerWithFuzzy.AutomaFuzzy.csproj", "{F566E904-5168-41F8-8023-142CD17D22B7}"
EndProject
Project("{FAE04EC0-301F-11D3-BF4B-00C04F79EFBC}") = "CompilerWithFuzzy.AutomaFuzzy.WindowsForm", "CompilerWithFuzzy.AutomaFuzzy\CompilerWithFuzzy.AutomaFuzzy.WindowsForm\CompilerWithFuzzy.AutomaFuzzy.WindowsForm.csproj", "{B30D73D6-B11F-49D8-9B0F-C193AFB7AE02}"
EndProject
Project("{FAE04EC0-301F-11D3-BF4B-00C04F79EFBC}") = "CompilerWithFuzzy.Compiler", "CompilerWithFuzzy.Compiler\CompilerWithFuzzy.Compiler\CompilerWithFuzzy.Compiler.csproj", "{EF32DC21-1147-468A-9A3A-47F378A28308}"
EndProject
Project("{FAE04EC0-301F-11D3-BF4B-00C04F79EFBC}") = "CompilerWithFuzzy.Compiler.WindowsForm", "CompilerWithFuzzy.Compiler\CompilerWithFuzzy.Compiler.WindowsForm\CompilerWithFuzzy.Compiler.WindowsForm.csproj", "{23F43203-A5B3-4EE5-996A-B7FABD40686E}"
EndProject
Project("{FAE04EC0-301F-11D3-BF4B-00C04F79EFBC}") = "CompilerWithFuzzy.Examples.QueryBD.WindowsForms", "CompilerWithFuzzy.Examples\Examples.QueryBD.WindowsForms\CompilerWithFuzzy.Examples.QueryBD.WindowsForms.csproj", "{C63B177F-61A3-49A6-B90E-E21274A9A9F1}"
EndProject
Project("{FAE04EC0-301F-11D3-BF4B-00C04F79EFBC}") = "CompilerWithFuzzy.GrammarFuzzy", "CompilerWithFuzzy.GrammarFuzzy\CompilerWithFuzzy.GrammarFuzzy\CompilerWithFuzzy.GrammarFuzzy.csproj", "{E28907E4-6DE4-422F-BBEE-A185344C8C9D}"
EndProject
Project("{FAE04EC0-301F-11D3-BF4B-00C04F79EFBC}") = "CompilerWithFuzzy.GrammarFuzzy.WindowsForm", "CompilerWithFuzzy.GrammarFuzzy\CompilerWithFuzzy.GrammarFuzzy.WindowsForm\CompilerWithFuzzy.GrammarFuzzy.WindowsForm.csproj", "{F6FB8C2B-AB97-4B0A-92E2-F3D224E6A043}"
EndProject
Project("{FAE04EC0-301F-11D3-BF4B-00C04F79EFBC}") = "CompilerWithFuzzy.Logger", "CompilerWithFuzzy.Logger\CompilerWithFuzzy.Logger.csproj", "{F73F2066-E15A-4810-BAE8-E7A88EBA5F85}"
EndProject
Project("{FAE04EC0-301F-11D3-BF4B-00C04F79EFBC}") = "CompilerWithFuzzy.Examples.JavaFix.WindowsForms", "CompilerWithFuzzy.Examples\CompilerWithFuzzy.Examples.JavaFix.WindowsForms\CompilerWithFuzzy.Examples.JavaFix.WindowsForms.csproj", "{6ECF33E1-8574-4336-8BEF-1BE54BBCD02D}"
EndProject
Project("{FAE04EC0-301F-11D3-BF4B-00C04F79EFBC}") = "CompilerWithFuzzy.Compiler.Tests", "CompilerWithFuzzy.Compiler.Tests\CompilerWithFuzzy.Compiler.Tests.csproj", "{3D762BE6-A416-4834-B97C-E54417632C00}"
EndProject
Global
	GlobalSection(SolutionConfigurationPlatforms) = preSolution
		Debug|Any CPU = Debug|Any CPU
		Release|Any CPU = Release|Any CPU
	EndGlobalSection
	GlobalSection(ProjectConfigurationPlatforms) = postSolution
		{6899BB89-6433-496F-864E-9915CE1FF24F}.Debug|Any CPU.ActiveCfg = Debug|Any CPU
		{6899BB89-6433-496F-864E-9915CE1FF24F}.Debug|Any CPU.Build.0 = Debug|Any CPU
		{6899BB89-6433-496F-864E-9915CE1FF24F}.Release|Any CPU.ActiveCfg = Release|Any CPU
		{6899BB89-6433-496F-864E-9915CE1FF24F}.Release|Any CPU.Build.0 = Release|Any CPU
		{F566E904-5168-41F8-8023-142CD17D22B7}.Debug|Any CPU.ActiveCfg = Debug|Any CPU
		{F566E904-5168-41F8-8023-142CD17D22B7}.Debug|Any CPU.Build.0 = Debug|Any CPU
		{F566E904-5168-41F8-8023-142CD17D22B7}.Release|Any CPU.ActiveCfg = Release|Any CPU
		{F566E904-5168-41F8-8023-142CD17D22B7}.Release|Any CPU.Build.0 = Release|Any CPU
		{B30D73D6-B11F-49D8-9B0F-C193AFB7AE02}.Debug|Any CPU.ActiveCfg = Debug|Any CPU
		{B30D73D6-B11F-49D8-9B0F-C193AFB7AE02}.Debug|Any CPU.Build.0 = Debug|Any CPU
		{B30D73D6-B11F-49D8-9B0F-C193AFB7AE02}.Release|Any CPU.ActiveCfg = Release|Any CPU
		{B30D73D6-B11F-49D8-9B0F-C193AFB7AE02}.Release|Any CPU.Build.0 = Release|Any CPU
		{EF32DC21-1147-468A-9A3A-47F378A28308}.Debug|Any CPU.ActiveCfg = Debug|Any CPU
		{EF32DC21-1147-468A-9A3A-47F378A28308}.Debug|Any CPU.Build.0 = Debug|Any CPU
		{EF32DC21-1147-468A-9A3A-47F378A28308}.Release|Any CPU.ActiveCfg = Release|Any CPU
		{EF32DC21-1147-468A-9A3A-47F378A28308}.Release|Any CPU.Build.0 = Release|Any CPU
		{23F43203-A5B3-4EE5-996A-B7FABD40686E}.Debug|Any CPU.ActiveCfg = Debug|Any CPU
		{23F43203-A5B3-4EE5-996A-B7FABD40686E}.Debug|Any CPU.Build.0 = Debug|Any CPU
		{23F43203-A5B3-4EE5-996A-B7FABD40686E}.Release|Any CPU.ActiveCfg = Release|Any CPU
		{23F43203-A5B3-4EE5-996A-B7FABD40686E}.Release|Any CPU.Build.0 = Release|Any CPU
		{C63B177F-61A3-49A6-B90E-E21274A9A9F1}.Debug|Any CPU.ActiveCfg = Debug|Any CPU
		{C63B177F-61A3-49A6-B90E-E21274A9A9F1}.Debug|Any CPU.Build.0 = Debug|Any CPU
		{C63B177F-61A3-49A6-B90E-E21274A9A9F1}.Release|Any CPU.ActiveCfg = Release|Any CPU
		{C63B177F-61A3-49A6-B90E-E21274A9A9F1}.Release|Any CPU.Build.0 = Release|Any CPU
		{E28907E4-6DE4-422F-BBEE-A185344C8C9D}.Debug|Any CPU.ActiveCfg = Debug|Any CPU
		{E28907E4-6DE4-422F-BBEE-A185344C8C9D}.Debug|Any CPU.Build.0 = Debug|Any CPU
		{E28907E4-6DE4-422F-BBEE-A185344C8C9D}.Release|Any CPU.ActiveCfg = Release|Any CPU
		{E28907E4-6DE4-422F-BBEE-A185344C8C9D}.Release|Any CPU.Build.0 = Release|Any CPU
		{F6FB8C2B-AB97-4B0A-92E2-F3D224E6A043}.Debug|Any CPU.ActiveCfg = Debug|Any CPU
		{F6FB8C2B-AB97-4B0A-92E2-F3D224E6A043}.Debug|Any CPU.Build.0 = Debug|Any CPU
		{F6FB8C2B-AB97-4B0A-92E2-F3D224E6A043}.Release|Any CPU.ActiveCfg = Release|Any CPU
		{F6FB8C2B-AB97-4B0A-92E2-F3D224E6A043}.Release|Any CPU.Build.0 = Release|Any CPU
		{F73F2066-E15A-4810-BAE8-E7A88EBA5F85}.Debug|Any CPU.ActiveCfg = Debug|Any CPU
		{F73F2066-E15A-4810-BAE8-E7A88EBA5F85}.Debug|Any CPU.Build.0 = Debug|Any CPU
		{F73F2066-E15A-4810-BAE8-E7A88EBA5F85}.Release|Any CPU.ActiveCfg = Release|Any CPU
		{F73F2066-E15A-4810-BAE8-E7A88EBA5F85}.Release|Any CPU.Build.0 = Release|Any CPU
		{6ECF33E1-8574-4336-8BEF-1BE54BBCD02D}.Debug|Any CPU.ActiveCfg = Debug|Any CPU
		{6ECF33E1-8574-4336-8BEF-1BE54BBCD02D}.Debug|Any CPU.Build.0 = Debug|Any CPU
		{6ECF33E1-8574-4336-8BEF-1BE54BBCD02D}.Release|Any CPU.ActiveCfg = Release|Any CPU
		{6ECF33E1-8574-4336-8BEF-1BE54BBCD02D}.Release|Any CPU.Build.0 = Release|Any CPU
		{3D762BE6-A416-4834-B97C-E54417632C00}.Debug|Any CPU.ActiveCfg = Debug|Any CPU
		{3D762BE6-A416-4834-B97C-E54417632C00}.Debug|Any CPU.Build.0 = Debug|Any CPU
		{3D762BE6-A416-4834-B97C-E54417632C00}.Release|Any CPU.ActiveCfg = Release|Any CPU
		{3D762BE6-A416-4834-B97C-E54417632C00}.Release|Any CPU.Build.0 = Release|Any CPU
	EndGlobalSection
	GlobalSection(SolutionProperties) = preSolution
		HideSolutionNode = FALSE
	EndGlobalSection
	GlobalSection(NestedProjects) = preSolution
		{F566E904-5168-41F8-8023-142CD17D22B7} = {34C6CF69-1A17-4A27-BF28-BD939CB22D85}
		{B30D73D6-B11F-49D8-9B0F-C193AFB7AE02} = {34C6CF69-1A17-4A27-BF28-BD939CB22D85}
		{EF32DC21-1147-468A-9A3A-47F378A28308} = {FA13A993-3EE3-4D40-A43E-7B64B63C8545}
		{23F43203-A5B3-4EE5-996A-B7FABD40686E} = {FA13A993-3EE3-4D40-A43E-7B64B63C8545}
		{C63B177F-61A3-49A6-B90E-E21274A9A9F1} = {8372B298-B377-4917-B38C-CF6D671AE6F1}
		{E28907E4-6DE4-422F-BBEE-A185344C8C9D} = {951EF242-7342-4A97-8678-BA0B80D98DDC}
		{F6FB8C2B-AB97-4B0A-92E2-F3D224E6A043} = {951EF242-7342-4A97-8678-BA0B80D98DDC}
		{6ECF33E1-8574-4336-8BEF-1BE54BBCD02D} = {8372B298-B377-4917-B38C-CF6D671AE6F1}
		{3D762BE6-A416-4834-B97C-E54417632C00} = {FA13A993-3EE3-4D40-A43E-7B64B63C8545}
	EndGlobalSection
EndGlobal
